
Microsoft Visual Studio Solution File, Format Version 12.00
# Visual Studio 15
VisualStudioVersion = 15.0.28307.421
MinimumVisualStudioVersion = 10.0.40219.1
Project("{2150E333-8FDC-42A3-9474-1A3956D46DE8}") = "Configuration", "Configuration", "{F347A85D-6FF5-4927-B5CF-54D81954E6A2}"
EndProject
Project("{2150E333-8FDC-42A3-9474-1A3956D46DE8}") = "Feature", "Feature", "{755F9E42-1707-4E1A-AE6D-3FD8A25118C0}"
EndProject
Project("{2150E333-8FDC-42A3-9474-1A3956D46DE8}") = "Foundation", "Foundation", "{D2CBE02E-6AA7-4343-9A01-891F971A17F5}"
EndProject
Project("{2150E333-8FDC-42A3-9474-1A3956D46DE8}") = "Project", "Project", "{9A8FD752-FF60-4789-8251-E1D8FF290F3F}"
EndProject
Project("{2150E333-8FDC-42A3-9474-1A3956D46DE8}") = "Indexing", "Indexing", "{641F22ED-9C6A-4ADA-A9E7-7CA6A67E39B1}"
EndProject
Project("{2150E333-8FDC-42A3-9474-1A3956D46DE8}") = "SitecoreExtensions", "SitecoreExtensions", "{BE813EFD-133F-4BDE-AD25-A67D16A218CA}"
EndProject
Project("{2150E333-8FDC-42A3-9474-1A3956D46DE8}") = "Multisite", "Multisite", "{FE63FBCC-D03E-4439-A428-028A6FF8B15A}"
EndProject
Project("{2150E333-8FDC-42A3-9474-1A3956D46DE8}") = "Alerts", "Alerts", "{DF1E54EE-B5F2-4911-B239-9708BF21F271}"
EndProject
Project("{2150E333-8FDC-42A3-9474-1A3956D46DE8}") = "Dictionary", "Dictionary", "{66E8BB68-FF26-4FEE-A336-3F8284F2F3E2}"
EndProject
Project("{2150E333-8FDC-42A3-9474-1A3956D46DE8}") = "DependencyInjection", "DependencyInjection", "{86FB273F-3637-45AF-825D-CFEFE1F7A8EA}"
EndProject
Project("{2150E333-8FDC-42A3-9474-1A3956D46DE8}") = "News", "News", "{1AF300EC-FFDB-4C1C-ADD7-90519DA55733}"
EndProject
Project("{FAE04EC0-301F-11D3-BF4B-00C04F79EFBC}") = "Assignment.Foundation.SitecoreExtensions", "src\foundation\SitecoreExtensions\code\Assignment.Foundation.SitecoreExtensions.csproj", "{B535703F-8D07-4F23-A533-2974BB4CC7B1}"
EndProject
Project("{FAE04EC0-301F-11D3-BF4B-00C04F79EFBC}") = "Assignment.Foundation.Indexing", "src\foundation\Indexing\code\Assignment.Foundation.Indexing.csproj", "{80213F24-577F-4F0B-A3B8-62485EA4D2F3}"
EndProject
Project("{FAE04EC0-301F-11D3-BF4B-00C04F79EFBC}") = "Assignment.Foundation.Multisite", "src\Foundation\Multisite\code\Assignment.Foundation.Multisite.csproj", "{CFA2AE87-7F8D-4CA6-BB72-B16380190DB7}"
EndProject
Project("{FAE04EC0-301F-11D3-BF4B-00C04F79EFBC}") = "Assignment.Foundation.Alerts", "src\Foundation\Alerts\code\Assignment.Foundation.Alerts.csproj", "{5CF5FA06-AB27-4DF5-A471-ED57EF3E4AE9}"
EndProject
Project("{FAE04EC0-301F-11D3-BF4B-00C04F79EFBC}") = "Assignment.Foundation.Dictionary", "src\Foundation\Dictionary\code\Assignment.Foundation.Dictionary.csproj", "{0D6BA4D8-C469-4AE9-9EBB-93BDF7D7E78F}"
EndProject
Project("{FAE04EC0-301F-11D3-BF4B-00C04F79EFBC}") = "Assignment.Foundation.DependencyInjection", "src\Foundation\DependencyInjection\code\Assignment.Foundation.DependencyInjection.csproj", "{366148B7-2392-4F42-80D6-786B7A3682AE}"
EndProject
Project("{FAE04EC0-301F-11D3-BF4B-00C04F79EFBC}") = "Assignment.Feature.News", "src\Feature\News\code\Assignment.Feature.News.csproj", "{F21AB52B-B02A-4CC3-94DE-0EB158253852}"
EndProject
Global
	GlobalSection(SolutionConfigurationPlatforms) = preSolution
		Debug|Any CPU = Debug|Any CPU
		Debug|x64 = Debug|x64
		Release|Any CPU = Release|Any CPU
		Release|x64 = Release|x64
	EndGlobalSection
	GlobalSection(ProjectConfigurationPlatforms) = postSolution
		{B535703F-8D07-4F23-A533-2974BB4CC7B1}.Debug|Any CPU.ActiveCfg = Debug|Any CPU
		{B535703F-8D07-4F23-A533-2974BB4CC7B1}.Debug|Any CPU.Build.0 = Debug|Any CPU
		{B535703F-8D07-4F23-A533-2974BB4CC7B1}.Debug|x64.ActiveCfg = Debug|Any CPU
		{B535703F-8D07-4F23-A533-2974BB4CC7B1}.Debug|x64.Build.0 = Debug|Any CPU
		{B535703F-8D07-4F23-A533-2974BB4CC7B1}.Release|Any CPU.ActiveCfg = Release|Any CPU
		{B535703F-8D07-4F23-A533-2974BB4CC7B1}.Release|Any CPU.Build.0 = Release|Any CPU
		{B535703F-8D07-4F23-A533-2974BB4CC7B1}.Release|x64.ActiveCfg = Release|Any CPU
		{B535703F-8D07-4F23-A533-2974BB4CC7B1}.Release|x64.Build.0 = Release|Any CPU
		{80213F24-577F-4F0B-A3B8-62485EA4D2F3}.Debug|Any CPU.ActiveCfg = Debug|Any CPU
		{80213F24-577F-4F0B-A3B8-62485EA4D2F3}.Debug|Any CPU.Build.0 = Debug|Any CPU
		{80213F24-577F-4F0B-A3B8-62485EA4D2F3}.Debug|x64.ActiveCfg = Debug|Any CPU
		{80213F24-577F-4F0B-A3B8-62485EA4D2F3}.Debug|x64.Build.0 = Debug|Any CPU
		{80213F24-577F-4F0B-A3B8-62485EA4D2F3}.Release|Any CPU.ActiveCfg = Release|Any CPU
		{80213F24-577F-4F0B-A3B8-62485EA4D2F3}.Release|Any CPU.Build.0 = Release|Any CPU
		{80213F24-577F-4F0B-A3B8-62485EA4D2F3}.Release|x64.ActiveCfg = Release|Any CPU
		{80213F24-577F-4F0B-A3B8-62485EA4D2F3}.Release|x64.Build.0 = Release|Any CPU
		{CFA2AE87-7F8D-4CA6-BB72-B16380190DB7}.Debug|Any CPU.ActiveCfg = Debug|Any CPU
		{CFA2AE87-7F8D-4CA6-BB72-B16380190DB7}.Debug|Any CPU.Build.0 = Debug|Any CPU
		{CFA2AE87-7F8D-4CA6-BB72-B16380190DB7}.Debug|x64.ActiveCfg = Debug|Any CPU
		{CFA2AE87-7F8D-4CA6-BB72-B16380190DB7}.Debug|x64.Build.0 = Debug|Any CPU
		{CFA2AE87-7F8D-4CA6-BB72-B16380190DB7}.Release|Any CPU.ActiveCfg = Release|Any CPU
		{CFA2AE87-7F8D-4CA6-BB72-B16380190DB7}.Release|Any CPU.Build.0 = Release|Any CPU
		{CFA2AE87-7F8D-4CA6-BB72-B16380190DB7}.Release|x64.ActiveCfg = Release|Any CPU
		{CFA2AE87-7F8D-4CA6-BB72-B16380190DB7}.Release|x64.Build.0 = Release|Any CPU
		{5CF5FA06-AB27-4DF5-A471-ED57EF3E4AE9}.Debug|Any CPU.ActiveCfg = Debug|Any CPU
		{5CF5FA06-AB27-4DF5-A471-ED57EF3E4AE9}.Debug|Any CPU.Build.0 = Debug|Any CPU
		{5CF5FA06-AB27-4DF5-A471-ED57EF3E4AE9}.Debug|x64.ActiveCfg = Debug|Any CPU
		{5CF5FA06-AB27-4DF5-A471-ED57EF3E4AE9}.Debug|x64.Build.0 = Debug|Any CPU
		{5CF5FA06-AB27-4DF5-A471-ED57EF3E4AE9}.Release|Any CPU.ActiveCfg = Release|Any CPU
		{5CF5FA06-AB27-4DF5-A471-ED57EF3E4AE9}.Release|Any CPU.Build.0 = Release|Any CPU
		{5CF5FA06-AB27-4DF5-A471-ED57EF3E4AE9}.Release|x64.ActiveCfg = Release|Any CPU
		{5CF5FA06-AB27-4DF5-A471-ED57EF3E4AE9}.Release|x64.Build.0 = Release|Any CPU
		{0D6BA4D8-C469-4AE9-9EBB-93BDF7D7E78F}.Debug|Any CPU.ActiveCfg = Debug|Any CPU
		{0D6BA4D8-C469-4AE9-9EBB-93BDF7D7E78F}.Debug|Any CPU.Build.0 = Debug|Any CPU
		{0D6BA4D8-C469-4AE9-9EBB-93BDF7D7E78F}.Debug|x64.ActiveCfg = Debug|Any CPU
		{0D6BA4D8-C469-4AE9-9EBB-93BDF7D7E78F}.Debug|x64.Build.0 = Debug|Any CPU
		{0D6BA4D8-C469-4AE9-9EBB-93BDF7D7E78F}.Release|Any CPU.ActiveCfg = Release|Any CPU
		{0D6BA4D8-C469-4AE9-9EBB-93BDF7D7E78F}.Release|Any CPU.Build.0 = Release|Any CPU
		{0D6BA4D8-C469-4AE9-9EBB-93BDF7D7E78F}.Release|x64.ActiveCfg = Release|Any CPU
		{0D6BA4D8-C469-4AE9-9EBB-93BDF7D7E78F}.Release|x64.Build.0 = Release|Any CPU
		{366148B7-2392-4F42-80D6-786B7A3682AE}.Debug|Any CPU.ActiveCfg = Debug|Any CPU
		{366148B7-2392-4F42-80D6-786B7A3682AE}.Debug|Any CPU.Build.0 = Debug|Any CPU
		{366148B7-2392-4F42-80D6-786B7A3682AE}.Debug|x64.ActiveCfg = Debug|Any CPU
		{366148B7-2392-4F42-80D6-786B7A3682AE}.Debug|x64.Build.0 = Debug|Any CPU
		{366148B7-2392-4F42-80D6-786B7A3682AE}.Release|Any CPU.ActiveCfg = Release|Any CPU
		{366148B7-2392-4F42-80D6-786B7A3682AE}.Release|Any CPU.Build.0 = Release|Any CPU
		{366148B7-2392-4F42-80D6-786B7A3682AE}.Release|x64.ActiveCfg = Release|Any CPU
		{366148B7-2392-4F42-80D6-786B7A3682AE}.Release|x64.Build.0 = Release|Any CPU
		{F21AB52B-B02A-4CC3-94DE-0EB158253852}.Debug|Any CPU.ActiveCfg = Debug|Any CPU
		{F21AB52B-B02A-4CC3-94DE-0EB158253852}.Debug|Any CPU.Build.0 = Debug|Any CPU
		{F21AB52B-B02A-4CC3-94DE-0EB158253852}.Debug|x64.ActiveCfg = Debug|Any CPU
		{F21AB52B-B02A-4CC3-94DE-0EB158253852}.Debug|x64.Build.0 = Debug|Any CPU
		{F21AB52B-B02A-4CC3-94DE-0EB158253852}.Release|Any CPU.ActiveCfg = Release|Any CPU
		{F21AB52B-B02A-4CC3-94DE-0EB158253852}.Release|Any CPU.Build.0 = Release|Any CPU
		{F21AB52B-B02A-4CC3-94DE-0EB158253852}.Release|x64.ActiveCfg = Release|Any CPU
		{F21AB52B-B02A-4CC3-94DE-0EB158253852}.Release|x64.Build.0 = Release|Any CPU
	EndGlobalSection
	GlobalSection(SolutionProperties) = preSolution
		HideSolutionNode = FALSE
	EndGlobalSection
	GlobalSection(NestedProjects) = preSolution
		{641F22ED-9C6A-4ADA-A9E7-7CA6A67E39B1} = {D2CBE02E-6AA7-4343-9A01-891F971A17F5}
		{BE813EFD-133F-4BDE-AD25-A67D16A218CA} = {D2CBE02E-6AA7-4343-9A01-891F971A17F5}
		{FE63FBCC-D03E-4439-A428-028A6FF8B15A} = {D2CBE02E-6AA7-4343-9A01-891F971A17F5}
		{DF1E54EE-B5F2-4911-B239-9708BF21F271} = {D2CBE02E-6AA7-4343-9A01-891F971A17F5}
		{66E8BB68-FF26-4FEE-A336-3F8284F2F3E2} = {D2CBE02E-6AA7-4343-9A01-891F971A17F5}
		{86FB273F-3637-45AF-825D-CFEFE1F7A8EA} = {D2CBE02E-6AA7-4343-9A01-891F971A17F5}
		{1AF300EC-FFDB-4C1C-ADD7-90519DA55733} = {755F9E42-1707-4E1A-AE6D-3FD8A25118C0}
		{B535703F-8D07-4F23-A533-2974BB4CC7B1} = {BE813EFD-133F-4BDE-AD25-A67D16A218CA}
		{80213F24-577F-4F0B-A3B8-62485EA4D2F3} = {641F22ED-9C6A-4ADA-A9E7-7CA6A67E39B1}
		{CFA2AE87-7F8D-4CA6-BB72-B16380190DB7} = {FE63FBCC-D03E-4439-A428-028A6FF8B15A}
		{5CF5FA06-AB27-4DF5-A471-ED57EF3E4AE9} = {DF1E54EE-B5F2-4911-B239-9708BF21F271}
		{0D6BA4D8-C469-4AE9-9EBB-93BDF7D7E78F} = {66E8BB68-FF26-4FEE-A336-3F8284F2F3E2}
		{366148B7-2392-4F42-80D6-786B7A3682AE} = {86FB273F-3637-45AF-825D-CFEFE1F7A8EA}
		{F21AB52B-B02A-4CC3-94DE-0EB158253852} = {1AF300EC-FFDB-4C1C-ADD7-90519DA55733}
	EndGlobalSection
	GlobalSection(ExtensibilityGlobals) = postSolution
		SolutionGuid = {74B0FDE8-88C0-4D2F-A55D-91D8BA66065F}
	EndGlobalSection
EndGlobal
